
Microsoft Visual Studio Solution File, Format Version 12.00
# Visual Studio Version 17
VisualStudioVersion = 17.3.32901.215
MinimumVisualStudioVersion = 10.0.40219.1
Project("{FAE04EC0-301F-11D3-BF4B-00C04F79EFBC}") = "DotNetNuke.Authentication.Azure", "DotNetNuke.Authentication.Azure.csproj", "{F5BB1B82-D843-4709-A57E-3A9CC290403F}"
EndProject
Project("{2150E333-8FDC-42A3-9474-1A3956D46DE8}") = ".build", ".build", "{30168D48-BC63-47D3-9C90-75F0C902C8D2}"
	ProjectSection(SolutionItems) = preProject
		..\.build\ModulePackage.targets = ..\.build\ModulePackage.targets
		..\.build\MSBuild.Community.Tasks.targets = ..\.build\MSBuild.Community.Tasks.targets
	EndProjectSection
EndProject
Global
	GlobalSection(SolutionConfigurationPlatforms) = preSolution
		Debug|Any CPU = Debug|Any CPU
		Release|Any CPU = Release|Any CPU
	EndGlobalSection
	GlobalSection(ProjectConfigurationPlatforms) = postSolution
		{F5BB1B82-D843-4709-A57E-3A9CC290403F}.Debug|Any CPU.ActiveCfg = Debug|Any CPU
		{F5BB1B82-D843-4709-A57E-3A9CC290403F}.Debug|Any CPU.Build.0 = Debug|Any CPU
		{F5BB1B82-D843-4709-A57E-3A9CC290403F}.Release|Any CPU.ActiveCfg = Release|Any CPU
		{F5BB1B82-D843-4709-A57E-3A9CC290403F}.Release|Any CPU.Build.0 = Release|Any CPU
	EndGlobalSection
	GlobalSection(SolutionProperties) = preSolution
		HideSolutionNode = FALSE
	EndGlobalSection
	GlobalSection(ExtensibilityGlobals) = postSolution
		SolutionGuid = {CF2AE640-C05D-4B31-8048-8B40EC7CD7E4}
	EndGlobalSection
EndGlobal
